PODS:
  - IQNativeVideoPlayerClient (1.0.3):
    - IQVideoPlayer (= 1.0.8.0)
  - IQVideoPlayer (1.0.8.0)

DEPENDENCIES:
  - IQNativeVideoPlayerClient (from `../`)

SPEC REPOS:
  https://github.com/WynkLimited/iqvideoplayer-specs.git:
    - IQVideoPlayer

EXTERNAL SOURCES:
  IQNativeVideoPlayerClient:
    :path: "../"

SPEC CHECKSUMS:
  IQNativeVideoPlayerClient: 8bd9f2d753f706206f87a12e9e4aa26cff44e2f4
  IQVideoPlayer: 0efcf1e56f2597dafb7233f6bc800b8f719c91ef

PODFILE CHECKSUM: a29191172327857419fd5d0bc52c3ee9bd5fc177

COCOAPODS: 1.14.2
